Microsoft Visual Studio Solution File, Format Version 11.00
# Visual Studio 2010
Project("{FAE04EC0-301F-11D3-BF4B-00C04F79EFBC}") = "AgWindow_CustomAnimation", "AgWindow_CustomAnimation\AgWindow_CustomAnimation.csproj", "{9EDCC5B0-9969-409F-BFEF-D1964F55AA37}"
EndProject
Global
	GlobalSection(SolutionConfigurationPlatforms) = preSolution
		Debug|Any CPU = Debug|Any CPU
		Release|Any CPU = Release|Any CPU
	EndGlobalSection
	GlobalSection(ProjectConfigurationPlatforms) = postSolution
		{9EDCC5B0-9969-409F-BFEF-D1964F55AA37}.Debug|Any CPU.ActiveCfg = Debug|Any CPU
		{9EDCC5B0-9969-409F-BFEF-D1964F55AA37}.Debug|Any CPU.Build.0 = Debug|Any CPU
		{9EDCC5B0-9969-409F-BFEF-D1964F55AA37}.Release|Any CPU.ActiveCfg = Release|Any CPU
		{9EDCC5B0-9969-409F-BFEF-D1964F55AA37}.Release|Any CPU.Build.0 = Release|Any CPU
	EndGlobalSection
	GlobalSection(SolutionProperties) = preSolution
		HideSolutionNode = FALSE
	EndGlobalSection
EndGlobal
